
Microsoft Visual Studio Solution File, Format Version 12.00
# Visual Studio Version 16
VisualStudioVersion = 16.0.30523.141
MinimumVisualStudioVersion = 10.0.40219.1
Project("{FAE04EC0-301F-11D3-BF4B-00C04F79EFBC}") = "FTPClient", "FTPClient\FTPClient.csproj", "{B737851D-A5E9-4152-8708-B10F46C2FBEF}"
EndProject
Project("{FAE04EC0-301F-11D3-BF4B-00C04F79EFBC}") = "FTPServer", "FTPServer\FTPServer.csproj", "{DA3B9373-76E4-4B95-B519-8E95E4E9A90B}"
EndProject
Project("{FAE04EC0-301F-11D3-BF4B-00C04F79EFBC}") = "FTPServerTests", "FTPServerTests\FTPServerTests.csproj", "{026D5B18-AAF8-4CAA-8266-89731D7F4CF5}"
EndProject
Global
	GlobalSection(SolutionConfigurationPlatforms) = preSolution
		Debug|Any CPU = Debug|Any CPU
		Release|Any CPU = Release|Any CPU
	EndGlobalSection
	GlobalSection(ProjectConfigurationPlatforms) = postSolution
		{B737851D-A5E9-4152-8708-B10F46C2FBEF}.Debug|Any CPU.ActiveCfg = Debug|Any CPU
		{B737851D-A5E9-4152-8708-B10F46C2FBEF}.Debug|Any CPU.Build.0 = Debug|Any CPU
		{B737851D-A5E9-4152-8708-B10F46C2FBEF}.Release|Any CPU.ActiveCfg = Release|Any CPU
		{B737851D-A5E9-4152-8708-B10F46C2FBEF}.Release|Any CPU.Build.0 = Release|Any CPU
		{DA3B9373-76E4-4B95-B519-8E95E4E9A90B}.Debug|Any CPU.ActiveCfg = Debug|Any CPU
		{DA3B9373-76E4-4B95-B519-8E95E4E9A90B}.Debug|Any CPU.Build.0 = Debug|Any CPU
		{DA3B9373-76E4-4B95-B519-8E95E4E9A90B}.Release|Any CPU.ActiveCfg = Release|Any CPU
		{DA3B9373-76E4-4B95-B519-8E95E4E9A90B}.Release|Any CPU.Build.0 = Release|Any CPU
		{026D5B18-AAF8-4CAA-8266-89731D7F4CF5}.Debug|Any CPU.ActiveCfg = Debug|Any CPU
		{026D5B18-AAF8-4CAA-8266-89731D7F4CF5}.Debug|Any CPU.Build.0 = Debug|Any CPU
		{026D5B18-AAF8-4CAA-8266-89731D7F4CF5}.Release|Any CPU.ActiveCfg = Release|Any CPU
		{026D5B18-AAF8-4CAA-8266-89731D7F4CF5}.Release|Any CPU.Build.0 = Release|Any CPU
	EndGlobalSection
	GlobalSection(SolutionProperties) = preSolution
		HideSolutionNode = FALSE
	EndGlobalSection
	GlobalSection(ExtensibilityGlobals) = postSolution
		SolutionGuid = {2A296E67-03CB-441F-982B-BE05B578BB8A}
	EndGlobalSection
EndGlobal
