
Microsoft Visual Studio Solution File, Format Version 12.00
# Visual Studio Version 16
VisualStudioVersion = 16.0.30523.141
MinimumVisualStudioVersion = 10.0.40219.1
Project("{FAE04EC0-301F-11D3-BF4B-00C04F79EFBC}") = "FTPServer", "FTPServer\FTPServer.csproj", "{9CE7B135-4F36-4803-ACB5-61D6016694AB}"
EndProject
Project("{FAE04EC0-301F-11D3-BF4B-00C04F79EFBC}") = "FTPServerTests", "FTPServerTests\FTPServerTests.csproj", "{1CA223F1-5574-40EC-BFEB-1A546D16D227}"
EndProject
Project("{FAE04EC0-301F-11D3-BF4B-00C04F79EFBC}") = "FTPClient", "FTPClient\FTPClient.csproj", "{7FF87D73-4955-47E9-9C9E-74CF42BA4DC8}"
EndProject
Global
	GlobalSection(SolutionConfigurationPlatforms) = preSolution
		Debug|Any CPU = Debug|Any CPU
		Release|Any CPU = Release|Any CPU
	EndGlobalSection
	GlobalSection(ProjectConfigurationPlatforms) = postSolution
		{9CE7B135-4F36-4803-ACB5-61D6016694AB}.Debug|Any CPU.ActiveCfg = Debug|Any CPU
		{9CE7B135-4F36-4803-ACB5-61D6016694AB}.Debug|Any CPU.Build.0 = Debug|Any CPU
		{9CE7B135-4F36-4803-ACB5-61D6016694AB}.Release|Any CPU.ActiveCfg = Release|Any CPU
		{9CE7B135-4F36-4803-ACB5-61D6016694AB}.Release|Any CPU.Build.0 = Release|Any CPU
		{1CA223F1-5574-40EC-BFEB-1A546D16D227}.Debug|Any CPU.ActiveCfg = Debug|Any CPU
		{1CA223F1-5574-40EC-BFEB-1A546D16D227}.Debug|Any CPU.Build.0 = Debug|Any CPU
		{1CA223F1-5574-40EC-BFEB-1A546D16D227}.Release|Any CPU.ActiveCfg = Release|Any CPU
		{1CA223F1-5574-40EC-BFEB-1A546D16D227}.Release|Any CPU.Build.0 = Release|Any CPU
		{7FF87D73-4955-47E9-9C9E-74CF42BA4DC8}.Debug|Any CPU.ActiveCfg = Debug|Any CPU
		{7FF87D73-4955-47E9-9C9E-74CF42BA4DC8}.Debug|Any CPU.Build.0 = Debug|Any CPU
		{7FF87D73-4955-47E9-9C9E-74CF42BA4DC8}.Release|Any CPU.ActiveCfg = Release|Any CPU
		{7FF87D73-4955-47E9-9C9E-74CF42BA4DC8}.Release|Any CPU.Build.0 = Release|Any CPU
	EndGlobalSection
	GlobalSection(SolutionProperties) = preSolution
		HideSolutionNode = FALSE
	EndGlobalSection
	GlobalSection(ExtensibilityGlobals) = postSolution
		SolutionGuid = {94B2D1BE-3577-4ACC-A93C-6BF90D2EC7F2}
	EndGlobalSection
EndGlobal
