
Microsoft Visual Studio Solution File, Format Version 12.00
# Visual Studio Version 16
VisualStudioVersion = 16.0.30523.141
MinimumVisualStudioVersion = 10.0.40219.1
Project("{FAE04EC0-301F-11D3-BF4B-00C04F79EFBC}") = "FTPServer", "FTPServer\FTPServer.csproj", "{9F41E80C-D24B-4186-93AD-DF2E407AB721}"
EndProject
Project("{FAE04EC0-301F-11D3-BF4B-00C04F79EFBC}") = "FTPServerTests", "FTPServerTests\FTPServerTests.csproj", "{B9CC5A81-318C-45F7-89DF-89BEB29934C8}"
EndProject
Global
	GlobalSection(SolutionConfigurationPlatforms) = preSolution
		Debug|Any CPU = Debug|Any CPU
		Release|Any CPU = Release|Any CPU
	EndGlobalSection
	GlobalSection(ProjectConfigurationPlatforms) = postSolution
		{9F41E80C-D24B-4186-93AD-DF2E407AB721}.Debug|Any CPU.ActiveCfg = Debug|Any CPU
		{9F41E80C-D24B-4186-93AD-DF2E407AB721}.Debug|Any CPU.Build.0 = Debug|Any CPU
		{9F41E80C-D24B-4186-93AD-DF2E407AB721}.Release|Any CPU.ActiveCfg = Release|Any CPU
		{9F41E80C-D24B-4186-93AD-DF2E407AB721}.Release|Any CPU.Build.0 = Release|Any CPU
		{B9CC5A81-318C-45F7-89DF-89BEB29934C8}.Debug|Any CPU.ActiveCfg = Debug|Any CPU
		{B9CC5A81-318C-45F7-89DF-89BEB29934C8}.Debug|Any CPU.Build.0 = Debug|Any CPU
		{B9CC5A81-318C-45F7-89DF-89BEB29934C8}.Release|Any CPU.ActiveCfg = Release|Any CPU
		{B9CC5A81-318C-45F7-89DF-89BEB29934C8}.Release|Any CPU.Build.0 = Release|Any CPU
	EndGlobalSection
	GlobalSection(SolutionProperties) = preSolution
		HideSolutionNode = FALSE
	EndGlobalSection
	GlobalSection(ExtensibilityGlobals) = postSolution
		SolutionGuid = {412871A7-DD80-4D1D-B1BF-F1231D0A3F8D}
	EndGlobalSection
EndGlobal
