
Microsoft Visual Studio Solution File, Format Version 12.00
# Visual Studio Version 16
VisualStudioVersion = 16.0.30717.126
MinimumVisualStudioVersion = 10.0.40219.1
Project("{FAE04EC0-301F-11D3-BF4B-00C04F79EFBC}") = "DirectoryMD5", "DirectoryMD5\DirectoryMD5.csproj", "{58D85EC1-5F42-4AB2-8370-B9679B674B5C}"
EndProject
Project("{FAE04EC0-301F-11D3-BF4B-00C04F79EFBC}") = "Md5DirectoryTests", "Md5DirectoryTests\Md5DirectoryTests.csproj", "{284971D2-322D-4254-8F18-CC52B6033518}"
EndProject
Global
	GlobalSection(SolutionConfigurationPlatforms) = preSolution
		Debug|Any CPU = Debug|Any CPU
		Release|Any CPU = Release|Any CPU
	EndGlobalSection
	GlobalSection(ProjectConfigurationPlatforms) = postSolution
		{58D85EC1-5F42-4AB2-8370-B9679B674B5C}.Debug|Any CPU.ActiveCfg = Debug|Any CPU
		{58D85EC1-5F42-4AB2-8370-B9679B674B5C}.Debug|Any CPU.Build.0 = Debug|Any CPU
		{58D85EC1-5F42-4AB2-8370-B9679B674B5C}.Release|Any CPU.ActiveCfg = Release|Any CPU
		{58D85EC1-5F42-4AB2-8370-B9679B674B5C}.Release|Any CPU.Build.0 = Release|Any CPU
		{284971D2-322D-4254-8F18-CC52B6033518}.Debug|Any CPU.ActiveCfg = Debug|Any CPU
		{284971D2-322D-4254-8F18-CC52B6033518}.Debug|Any CPU.Build.0 = Debug|Any CPU
		{284971D2-322D-4254-8F18-CC52B6033518}.Release|Any CPU.ActiveCfg = Release|Any CPU
		{284971D2-322D-4254-8F18-CC52B6033518}.Release|Any CPU.Build.0 = Release|Any CPU
	EndGlobalSection
	GlobalSection(SolutionProperties) = preSolution
		HideSolutionNode = FALSE
	EndGlobalSection
	GlobalSection(ExtensibilityGlobals) = postSolution
		SolutionGuid = {91856785-5BFB-4E00-A159-4B4DB1337639}
	EndGlobalSection
EndGlobal
