
Microsoft Visual Studio Solution File, Format Version 12.00
# Visual Studio Version 16
VisualStudioVersion = 16.0.30413.136
MinimumVisualStudioVersion = 10.0.40219.1
Project("{FAE04EC0-301F-11D3-BF4B-00C04F79EFBC}") = "MyLazy", "MyLazy\MyLazy.csproj", "{A1DA2336-C88B-44D0-ABB7-EEC3791F3A9B}"
EndProject
Project("{FAE04EC0-301F-11D3-BF4B-00C04F79EFBC}") = "MyLazyTests", "MyLazyTests\MyLazyTests.csproj", "{B98FED38-0D05-4D17-928F-6DC1FAAE39FB}"
EndProject
Global
	GlobalSection(SolutionConfigurationPlatforms) = preSolution
		Debug|Any CPU = Debug|Any CPU
		Release|Any CPU = Release|Any CPU
	EndGlobalSection
	GlobalSection(ProjectConfigurationPlatforms) = postSolution
		{A1DA2336-C88B-44D0-ABB7-EEC3791F3A9B}.Debug|Any CPU.ActiveCfg = Debug|Any CPU
		{A1DA2336-C88B-44D0-ABB7-EEC3791F3A9B}.Debug|Any CPU.Build.0 = Debug|Any CPU
		{A1DA2336-C88B-44D0-ABB7-EEC3791F3A9B}.Release|Any CPU.ActiveCfg = Release|Any CPU
		{A1DA2336-C88B-44D0-ABB7-EEC3791F3A9B}.Release|Any CPU.Build.0 = Release|Any CPU
		{B98FED38-0D05-4D17-928F-6DC1FAAE39FB}.Debug|Any CPU.ActiveCfg = Debug|Any CPU
		{B98FED38-0D05-4D17-928F-6DC1FAAE39FB}.Debug|Any CPU.Build.0 = Debug|Any CPU
		{B98FED38-0D05-4D17-928F-6DC1FAAE39FB}.Release|Any CPU.ActiveCfg = Release|Any CPU
		{B98FED38-0D05-4D17-928F-6DC1FAAE39FB}.Release|Any CPU.Build.0 = Release|Any CPU
	EndGlobalSection
	GlobalSection(SolutionProperties) = preSolution
		HideSolutionNode = FALSE
	EndGlobalSection
	GlobalSection(ExtensibilityGlobals) = postSolution
		SolutionGuid = {01619498-D987-49DB-A34E-6BEEFD578D25}
	EndGlobalSection
EndGlobal
