
Microsoft Visual Studio Solution File, Format Version 12.00
# Visual Studio Version 16
VisualStudioVersion = 16.0.30413.136
MinimumVisualStudioVersion = 10.0.40219.1
Project("{9A19103F-16F7-4668-BE54-9A1E7A4F7556}") = "MyLazy", "ConcurrentLazyEvaluation\MyLazy.csproj", "{BA1AAD93-0ABA-4DDA-8909-EA5B154B04EE}"
EndProject
Project("{FAE04EC0-301F-11D3-BF4B-00C04F79EFBC}") = "MyLazyTests", "MyLazyTests\MyLazyTests.csproj", "{1A0E8E54-2487-47BE-9DCF-40D2B287E3F5}"
EndProject
Global
	GlobalSection(SolutionConfigurationPlatforms) = preSolution
		Debug|Any CPU = Debug|Any CPU
		Release|Any CPU = Release|Any CPU
	EndGlobalSection
	GlobalSection(ProjectConfigurationPlatforms) = postSolution
		{BA1AAD93-0ABA-4DDA-8909-EA5B154B04EE}.Debug|Any CPU.ActiveCfg = Debug|Any CPU
		{BA1AAD93-0ABA-4DDA-8909-EA5B154B04EE}.Debug|Any CPU.Build.0 = Debug|Any CPU
		{BA1AAD93-0ABA-4DDA-8909-EA5B154B04EE}.Release|Any CPU.ActiveCfg = Release|Any CPU
		{BA1AAD93-0ABA-4DDA-8909-EA5B154B04EE}.Release|Any CPU.Build.0 = Release|Any CPU
		{1A0E8E54-2487-47BE-9DCF-40D2B287E3F5}.Debug|Any CPU.ActiveCfg = Debug|Any CPU
		{1A0E8E54-2487-47BE-9DCF-40D2B287E3F5}.Debug|Any CPU.Build.0 = Debug|Any CPU
		{1A0E8E54-2487-47BE-9DCF-40D2B287E3F5}.Release|Any CPU.ActiveCfg = Release|Any CPU
		{1A0E8E54-2487-47BE-9DCF-40D2B287E3F5}.Release|Any CPU.Build.0 = Release|Any CPU
	EndGlobalSection
	GlobalSection(SolutionProperties) = preSolution
		HideSolutionNode = FALSE
	EndGlobalSection
	GlobalSection(ExtensibilityGlobals) = postSolution
		SolutionGuid = {D6488763-61D4-452E-A2B1-369025B39C35}
	EndGlobalSection
EndGlobal
