
Microsoft Visual Studio Solution File, Format Version 12.00
# Visual Studio Version 16
VisualStudioVersion = 16.0.30413.136
MinimumVisualStudioVersion = 10.0.40219.1
Project("{9A19103F-16F7-4668-BE54-9A1E7A4F7556}") = "ConcurrentMatrixMultiplication", "ConcurrentMatrixMultiplication\ConcurrentMatrixMultiplication.csproj", "{8E16A20D-B0E9-469F-A48E-03EABD99BF85}"
EndProject
Project("{FAE04EC0-301F-11D3-BF4B-00C04F79EFBC}") = "ConcurrentMatrixMultiplication.Tests", "ConcurrentMatrixMultiplication.Tests\ConcurrentMatrixMultiplication.Tests.csproj", "{B2E7C062-C327-49B6-A86A-E6179BE5DFAA}"
EndProject
Global
	GlobalSection(SolutionConfigurationPlatforms) = preSolution
		Debug|Any CPU = Debug|Any CPU
		Release|Any CPU = Release|Any CPU
	EndGlobalSection
	GlobalSection(ProjectConfigurationPlatforms) = postSolution
		{8E16A20D-B0E9-469F-A48E-03EABD99BF85}.Debug|Any CPU.ActiveCfg = Debug|Any CPU
		{8E16A20D-B0E9-469F-A48E-03EABD99BF85}.Debug|Any CPU.Build.0 = Debug|Any CPU
		{8E16A20D-B0E9-469F-A48E-03EABD99BF85}.Release|Any CPU.ActiveCfg = Release|Any CPU
		{8E16A20D-B0E9-469F-A48E-03EABD99BF85}.Release|Any CPU.Build.0 = Release|Any CPU
		{B2E7C062-C327-49B6-A86A-E6179BE5DFAA}.Debug|Any CPU.ActiveCfg = Debug|Any CPU
		{B2E7C062-C327-49B6-A86A-E6179BE5DFAA}.Debug|Any CPU.Build.0 = Debug|Any CPU
		{B2E7C062-C327-49B6-A86A-E6179BE5DFAA}.Release|Any CPU.ActiveCfg = Release|Any CPU
		{B2E7C062-C327-49B6-A86A-E6179BE5DFAA}.Release|Any CPU.Build.0 = Release|Any CPU
	EndGlobalSection
	GlobalSection(SolutionProperties) = preSolution
		HideSolutionNode = FALSE
	EndGlobalSection
	GlobalSection(ExtensibilityGlobals) = postSolution
		SolutionGuid = {3CD1D5D1-3180-40E8-A292-6D010EC0B43F}
	EndGlobalSection
EndGlobal
